// !$*UTF8*$!
{
	archiveVersion = 1;
	classes = {
	};
	objectVersion = 56;
	objects = {

/* Begin PBXBuildFile section */
		220000010000000000000001 /* AppDelegate.swift in Sources */ = {isa = PBXBuildFile; fileRef = 220000020000000000000001 /* AppDelegate.swift */; };
		220000010000000000000002 /* MainWindowController.swift in Sources */ = {isa = PBXBuildFile; fileRef = 220000020000000000000002 /* MainWindowController.swift */; };
		220000010000000000000003 /* ZamorinNativeBridge.swift in Sources */ = {isa = PBXBuildFile; fileRef = 220000020000000000000003 /* ZamorinNativeBridge.swift */; };
		220000010000000000000004 /* ZamorinMacStorageManager.swift in Sources */ = {isa = PBXBuildFile; fileRef = 220000020000000000000004 /* ZamorinMacStorageManager.swift */; };
		220000010000000000000005 /* ZamorinSecurityConfig.swift in Sources */ = {isa = PBXBuildFile; fileRef = 220000020000000000000005 /* ZamorinSecurityConfig.swift */; };
		220000010000000000000006 /* PrivacyInfo.xcprivacy in Resources */ = {isa = PBXBuildFile; fileRef = 220000020000000000000006 /* PrivacyInfo.xcprivacy */; };
		220000010000000000000007 /* ZamorinMacBridgeTests.swift in Sources */ = {isa = PBXBuildFile; fileRef = 220000020000000000000007 /* ZamorinMacBridgeTests.swift */; };
/* End PBXBuildFile section */

/* Begin PBXContainerItemProxy section */
		220000030000000000000001 /* PBXContainerItemProxy */ = {
			isa = PBXContainerItemProxy;
			containerPortal = 220000000000000000000001 /* Project object */;
			proxyType = 1;
			remoteGlobalIDString = 220000100000000000000001;
			remoteInfo = ZamorinCafeERPMac;
		};
/* End PBXContainerItemProxy section */

/* Begin PBXFileReference section */
		220000020000000000000001 /* AppDelegate.swift */ = {isa = PBXFileReference; lastKnownFileType = sourcecode.swift; path = AppDelegate.swift; sourceTree = "<group>"; };
		220000020000000000000002 /* MainWindowController.swift */ = {isa = PBXFileReference; lastKnownFileType = sourcecode.swift; path = MainWindowController.swift; sourceTree = "<group>"; };
		220000020000000000000003 /* ZamorinNativeBridge.swift */ = {isa = PBXFileReference; lastKnownFileType = sourcecode.swift; path = ZamorinNativeBridge.swift; sourceTree = "<group>"; };
		220000020000000000000004 /* ZamorinMacStorageManager.swift */ = {isa = PBXFileReference; lastKnownFileType = sourcecode.swift; path = ZamorinMacStorageManager.swift; sourceTree = "<group>"; };
		220000020000000000000005 /* ZamorinSecurityConfig.swift */ = {isa = PBXFileReference; lastKnownFileType = sourcecode.swift; path = ZamorinSecurityConfig.swift; sourceTree = "<group>"; };
		220000020000000000000006 /* PrivacyInfo.xcprivacy */ = {isa = PBXFileReference; lastKnownFileType = text.xml; path = PrivacyInfo.xcprivacy; sourceTree = "<group>"; };
		220000020000000000000007 /* ZamorinMacBridgeTests.swift */ = {isa = PBXFileReference; lastKnownFileType = sourcecode.swift; path = ZamorinMacBridgeTests.swift; sourceTree = "<group>"; };
		220000020000000000000008 /* Info.plist */ = {isa = PBXFileReference; lastKnownFileType = text.plist.xml; path = Info.plist; sourceTree = "<group>"; };
		220000020000000000000009 /* ZamorinCafeERP.entitlements */ = {isa = PBXFileReference; lastKnownFileType = text.plist.entitlements; path = ZamorinCafeERP.entitlements; sourceTree = "<group>"; };
		220000040000000000000001 /* ZamorinCafeERP.app */ = {isa = PBXFileReference; explicitFileType = wrapper.application; includeInIndex = 0; path = ZamorinCafeERP.app; sourceTree = BUILT_PRODUCTS_DIR; };
		220000040000000000000002 /* ZamorinCafeERPMacTests.xctest */ = {isa = PBXFileReference; explicitFileType = wrapper.cfbundle; includeInIndex = 0; path = ZamorinCafeERPMacTests.xctest; sourceTree = BUILT_PRODUCTS_DIR; };
/* End PBXFileReference section */

/* Begin PBXFrameworksBuildPhase section */
		220000050000000000000001 /* Frameworks */ = {
			isa = PBXFrameworksBuildPhase;
			buildActionMask = 2147483647;
			files = (
			);
			runOnlyForDeploymentPostprocessing = 0;
		};
		220000050000000000000002 /* Frameworks */ = {
			isa = PBXFrameworksBuildPhase;
			buildActionMask = 2147483647;
			files = (
			);
			runOnlyForDeploymentPostprocessing = 0;
		};
/* End PBXFrameworksBuildPhase section */

/* Begin PBXGroup section */
		220000060000000000000001 = {
			isa = PBXGroup;
			children = (
				220000060000000000000002 /* ZamorinCafeERP */,
				220000060000000000000003 /* Tests */,
				220000060000000000000004 /* Products */,
			);
			sourceTree = "<group>";
		};
		220000060000000000000002 /* ZamorinCafeERP */ = {
			isa = PBXGroup;
			children = (
				220000020000000000000001 /* AppDelegate.swift */,
				220000020000000000000002 /* MainWindowController.swift */,
				220000020000000000000003 /* ZamorinNativeBridge.swift */,
				220000020000000000000004 /* ZamorinMacStorageManager.swift */,
				220000020000000000000005 /* ZamorinSecurityConfig.swift */,
				220000020000000000000006 /* PrivacyInfo.xcprivacy */,
				220000020000000000000008 /* Info.plist */,
				220000020000000000000009 /* ZamorinCafeERP.entitlements */,
			);
			path = ZamorinCafeERP;
			sourceTree = "<group>";
		};
		220000060000000000000003 /* Tests */ = {
			isa = PBXGroup;
			children = (
				220000020000000000000007 /* ZamorinMacBridgeTests.swift */,
			);
			path = Tests;
			sourceTree = "<group>";
		};
		220000060000000000000004 /* Products */ = {
			isa = PBXGroup;
			children = (
				220000040000000000000001 /* ZamorinCafeERP.app */,
				220000040000000000000002 /* ZamorinCafeERPMacTests.xctest */,
			);
			name = Products;
			sourceTree = "<group>";
		};
/* End PBXGroup section */

/* Begin PBXNativeTarget section */
		220000100000000000000001 /* ZamorinCafeERPMac */ = {
			isa = PBXNativeTarget;
			buildConfigurationList = 220000200000000000000001 /* Build configuration list for PBXNativeTarget "ZamorinCafeERPMac" */;
			buildPhases = (
				220000070000000000000001 /* Sources */,
				220000050000000000000001 /* Frameworks */,
				220000080000000000000001 /* Resources */,
			);
			buildRules = (
			);
			dependencies = (
			);
			name = ZamorinCafeERPMac;
			productName = ZamorinCafeERP;
			productReference = 220000040000000000000001 /* ZamorinCafeERP.app */;
			productType = "com.apple.product-type.application";
		};
		220000100000000000000002 /* ZamorinCafeERPMacTests */ = {
			isa = PBXNativeTarget;
			buildConfigurationList = 220000200000000000000002 /* Build configuration list for PBXNativeTarget "ZamorinCafeERPMacTests" */;
			buildPhases = (
				220000070000000000000002 /* Sources */,
				220000050000000000000002 /* Frameworks */,
			);
			buildRules = (
			);
			dependencies = (
				220000110000000000000001 /* PBXTargetDependency */,
			);
			name = ZamorinCafeERPMacTests;
			productName = ZamorinCafeERPMacTests;
			productReference = 220000040000000000000002 /* ZamorinCafeERPMacTests.xctest */;
			productType = "com.apple.product-type.bundle.unit-test";
		};
/* End PBXNativeTarget section */

/* Begin PBXProject section */
		220000000000000000000001 /* Project object */ = {
			isa = PBXProject;
			attributes = {
				BuildIndependentTargetsInParallel = 1;
				LastSwiftUpdateCheck = 1500;
				LastUpgradeCheck = 1500;
				TargetAttributes = {
					220000100000000000000001 = {
						CreatedOnToolsVersion = 15.0;
					};
					220000100000000000000002 = {
						CreatedOnToolsVersion = 15.0;
						TestTargetID = 220000100000000000000001;
					};
				};
			};
			buildConfigurationList = 220000300000000000000001 /* Build configuration list for PBXProject "ZamorinCafeERP" */;
			compatibilityVersion = "Xcode 14.0";
			developmentRegion = en;
			hasScannedForEncodings = 0;
			knownRegions = (
				en,
				Base,
			);
			mainGroup = 220000060000000000000001;
			productRefGroup = 220000060000000000000004 /* Products */;
			projectDirPath = "";
			projectRoot = "";
			targets = (
				220000100000000000000001 /* ZamorinCafeERPMac */,
				220000100000000000000002 /* ZamorinCafeERPMacTests */,
			);
		};
/* End PBXProject section */

/* Begin PBXResourcesBuildPhase section */
		220000080000000000000001 /* Resources */ = {
			isa = PBXResourcesBuildPhase;
			buildActionMask = 2147483647;
			files = (
				220000010000000000000006 /* PrivacyInfo.xcprivacy in Resources */,
			);
			runOnlyForDeploymentPostprocessing = 0;
		};
/* End PBXResourcesBuildPhase section */

/* Begin PBXSourcesBuildPhase section */
		220000070000000000000001 /* Sources */ = {
			isa = PBXSourcesBuildPhase;
			buildActionMask = 2147483647;
			files = (
				220000010000000000000001 /* AppDelegate.swift in Sources */,
				220000010000000000000002 /* MainWindowController.swift in Sources */,
				220000010000000000000003 /* ZamorinNativeBridge.swift in Sources */,
				220000010000000000000004 /* ZamorinMacStorageManager.swift in Sources */,
				220000010000000000000005 /* ZamorinSecurityConfig.swift in Sources */,
			);
			runOnlyForDeploymentPostprocessing = 0;
		};
		220000070000000000000002 /* Sources */ = {
			isa = PBXSourcesBuildPhase;
			buildActionMask = 2147483647;
			files = (
				220000010000000000000007 /* ZamorinMacBridgeTests.swift in Sources */,
			);
			runOnlyForDeploymentPostprocessing = 0;
		};
/* End PBXSourcesBuildPhase section */

/* Begin PBXTargetDependency section */
		220000110000000000000001 /* PBXTargetDependency */ = {
			isa = PBXTargetDependency;
			target = 220000100000000000000001 /* ZamorinCafeERPMac */;
			targetProxy = 220000030000000000000001 /* PBXContainerItemProxy */;
		};
/* End PBXTargetDependency section */

/* Begin XCBuildConfiguration section */
		220000400000000000000001 /* Debug */ = {
			isa = XCBuildConfiguration;
			buildSettings = {
				ALWAYS_SEARCH_USER_PATHS = NO;
				CLANG_ANALYZER_NONNULL = YES;
				CLANG_ENABLE_MODULES = YES;
				CLANG_ENABLE_OBJC_ARC = YES;
				CODE_SIGNING_ALLOWED = NO;
				DEBUG_INFORMATION_FORMAT = dwarf;
				ENABLE_STRICT_OBJC_MSGSEND = YES;
				ENABLE_TESTABILITY = YES;
				GCC_DYNAMIC_NO_PIC = NO;
				GCC_OPTIMIZATION_LEVEL = 0;
				GCC_PREPROCESSOR_DEFINITIONS = (
					"DEBUG=1",
					"$(inherited)",
				);
				MACOSX_DEPLOYMENT_TARGET = 14.0;
				MTL_ENABLE_DEBUG_INFO = INCLUDE_SOURCE;
				ONLY_ACTIVE_ARCH = YES;
				SDKROOT = macosx;
				SWIFT_ACTIVE_COMPILATION_CONDITIONS = DEBUG;
				SWIFT_OPTIMIZATION_LEVEL = "-Onone";
				SWIFT_VERSION = 5.0;
			};
			name = Debug;
		};
		220000400000000000000002 /* Release */ = {
			isa = XCBuildConfiguration;
			buildSettings = {
				ALWAYS_SEARCH_USER_PATHS = NO;
				CLANG_ANALYZER_NONNULL = YES;
				CLANG_ENABLE_MODULES = YES;
				CLANG_ENABLE_OBJC_ARC = YES;
				CODE_SIGNING_ALLOWED = NO;
				DEBUG_INFORMATION_FORMAT = "dwarf-with-dsym";
				ENABLE_NS_ASSERTIONS = NO;
				ENABLE_STRICT_OBJC_MSGSEND = YES;
				GCC_OPTIMIZATION_LEVEL = s;
				MACOSX_DEPLOYMENT_TARGET = 14.0;
				MTL_ENABLE_DEBUG_INFO = NO;
				SDKROOT = macosx;
				SWIFT_COMPILATION_MODE = wholemodule;
				SWIFT_OPTIMIZATION_LEVEL = "-O";
				SWIFT_VERSION = 5.0;
				VALIDATE_PRODUCT = YES;
			};
			name = Release;
		};
		220000400000000000000003 /* Debug */ = {
			isa = XCBuildConfiguration;
			buildSettings = {
				ASSETCATALOG_COMPILER_APPICON_NAME = AppIcon;
				CODE_SIGN_ENTITLEMENTS = ZamorinCafeERP/ZamorinCafeERP.entitlements;
				CODE_SIGNING_ALLOWED = NO;
				CURRENT_PROJECT_VERSION = 1;
				GENERATE_INFOPLIST_FILE = NO;
				INFOPLIST_FILE = ZamorinCafeERP/Info.plist;
				LD_RUNPATH_SEARCH_PATHS = (
					"$(inherited)",
					"@executable_path/../Frameworks",
				);
				MARKETING_VERSION = 1.0.0;
				PRODUCT_BUNDLE_IDENTIFIER = com.zamorin.cafe.erp.macos;
				PRODUCT_NAME = ZamorinCafeERP;
				SWIFT_EMIT_LOC_STRINGS = YES;
			};
			name = Debug;
		};
		220000400000000000000004 /* Release */ = {
			isa = XCBuildConfiguration;
			buildSettings = {
				ASSETCATALOG_COMPILER_APPICON_NAME = AppIcon;
				CODE_SIGN_ENTITLEMENTS = ZamorinCafeERP/ZamorinCafeERP.entitlements;
				CODE_SIGNING_ALLOWED = NO;
				CURRENT_PROJECT_VERSION = 1;
				GENERATE_INFOPLIST_FILE = NO;
				INFOPLIST_FILE = ZamorinCafeERP/Info.plist;
				LD_RUNPATH_SEARCH_PATHS = (
					"$(inherited)",
					"@executable_path/../Frameworks",
				);
				MARKETING_VERSION = 1.0.0;
				PRODUCT_BUNDLE_IDENTIFIER = com.zamorin.cafe.erp.macos;
				PRODUCT_NAME = ZamorinCafeERP;
				SWIFT_EMIT_LOC_STRINGS = YES;
			};
			name = Release;
		};
		220000400000000000000005 /* Debug */ = {
			isa = XCBuildConfiguration;
			buildSettings = {
				BUNDLE_LOADER = "$(TEST_HOST)";
				CODE_SIGNING_ALLOWED = NO;
				GENERATE_INFOPLIST_FILE = YES;
				LD_RUNPATH_SEARCH_PATHS = (
					"$(inherited)",
					"@executable_path/../Frameworks",
					"@loader_path/../Frameworks",
				);
				PRODUCT_BUNDLE_IDENTIFIER = com.zamorin.cafe.erp.macos.tests;
				PRODUCT_NAME = "$(TARGET_NAME)";
				SWIFT_EMIT_LOC_STRINGS = NO;
				TEST_HOST = "$(BUILT_PRODUCTS_DIR)/ZamorinCafeERP.app/Contents/MacOS/ZamorinCafeERP";
			};
			name = Debug;
		};
		220000400000000000000006 /* Release */ = {
			isa = XCBuildConfiguration;
			buildSettings = {
				BUNDLE_LOADER = "$(TEST_HOST)";
				CODE_SIGNING_ALLOWED = NO;
				GENERATE_INFOPLIST_FILE = YES;
				LD_RUNPATH_SEARCH_PATHS = (
					"$(inherited)",
					"@executable_path/../Frameworks",
					"@loader_path/../Frameworks",
				);
				PRODUCT_BUNDLE_IDENTIFIER = com.zamorin.cafe.erp.macos.tests;
				PRODUCT_NAME = "$(TARGET_NAME)";
				SWIFT_EMIT_LOC_STRINGS = NO;
				TEST_HOST = "$(BUILT_PRODUCTS_DIR)/ZamorinCafeERP.app/Contents/MacOS/ZamorinCafeERP";
			};
			name = Release;
		};
/* End XCBuildConfiguration section */

/* Begin XCConfigurationList section */
		220000300000000000000001 /* Build configuration list for PBXProject "ZamorinCafeERP" */ = {
			isa = XCConfigurationList;
			buildConfigurations = (
				220000400000000000000001 /* Debug */,
				220000400000000000000002 /* Release */,
			);
			defaultConfigurationIsVisible = 0;
			defaultConfigurationName = Release;
		};
		220000200000000000000001 /* Build configuration list for PBXNativeTarget "ZamorinCafeERPMac" */ = {
			isa = XCConfigurationList;
			buildConfigurations = (
				220000400000000000000003 /* Debug */,
				220000400000000000000004 /* Release */,
			);
			defaultConfigurationIsVisible = 0;
			defaultConfigurationName = Release;
		};
		220000200000000000000002 /* Build configuration list for PBXNativeTarget "ZamorinCafeERPMacTests" */ = {
			isa = XCConfigurationList;
			buildConfigurations = (
				220000400000000000000005 /* Debug */,
				220000400000000000000006 /* Release */,
			);
			defaultConfigurationIsVisible = 0;
			defaultConfigurationName = Release;
		};
/* End XCConfigurationList section */
	};
	rootObject = 220000000000000000000001 /* Project object */;
}
